
Microsoft Visual Studio Solution File, Format Version 12.00
# Visual Studio 14
VisualStudioVersion = 14.0.25420.1
MinimumVisualStudioVersion = 10.0.40219.1
Project("{FAE04EC0-301F-11D3-BF4B-00C04F79EFBC}") = "HelloAndroid.Code", "HelloAndroid\HelloAndroid.Code.csproj", "{2414A2B3-4C01-48DE-9E13-29C43B5AF085}"
EndProject
Project("{FAE04EC0-301F-11D3-BF4B-00C04F79EFBC}") = "HelloAndroid.Xml", "HelloAndroid.Xml\HelloAndroid.Xml.csproj", "{EA8C7F2C-BF84-4904-AAD6-53CB2D9ECDEA}"
EndProject
Global
	GlobalSection(SolutionConfigurationPlatforms) = preSolution
		Debug|Any CPU = Debug|Any CPU
		Release|Any CPU = Release|Any CPU
	EndGlobalSection
	GlobalSection(ProjectConfigurationPlatforms) = postSolution
		{2414A2B3-4C01-48DE-9E13-29C43B5AF085}.Debug|Any CPU.ActiveCfg = Debug|Any CPU
		{2414A2B3-4C01-48DE-9E13-29C43B5AF085}.Debug|Any CPU.Build.0 = Debug|Any CPU
		{2414A2B3-4C01-48DE-9E13-29C43B5AF085}.Debug|Any CPU.Deploy.0 = Debug|Any CPU
		{2414A2B3-4C01-48DE-9E13-29C43B5AF085}.Release|Any CPU.ActiveCfg = Release|Any CPU
		{2414A2B3-4C01-48DE-9E13-29C43B5AF085}.Release|Any CPU.Build.0 = Release|Any CPU
		{2414A2B3-4C01-48DE-9E13-29C43B5AF085}.Release|Any CPU.Deploy.0 = Release|Any CPU
		{EA8C7F2C-BF84-4904-AAD6-53CB2D9ECDEA}.Debug|Any CPU.ActiveCfg = Debug|Any CPU
		{EA8C7F2C-BF84-4904-AAD6-53CB2D9ECDEA}.Debug|Any CPU.Build.0 = Debug|Any CPU
		{EA8C7F2C-BF84-4904-AAD6-53CB2D9ECDEA}.Debug|Any CPU.Deploy.0 = Debug|Any CPU
		{EA8C7F2C-BF84-4904-AAD6-53CB2D9ECDEA}.Release|Any CPU.ActiveCfg = Release|Any CPU
		{EA8C7F2C-BF84-4904-AAD6-53CB2D9ECDEA}.Release|Any CPU.Build.0 = Release|Any CPU
		{EA8C7F2C-BF84-4904-AAD6-53CB2D9ECDEA}.Release|Any CPU.Deploy.0 = Release|Any CPU
	EndGlobalSection
	GlobalSection(SolutionProperties) = preSolution
		HideSolutionNode = FALSE
	EndGlobalSection
EndGlobal
